
Microsoft Visual Studio Solution File, Format Version 12.00
# Visual Studio 15
VisualStudioVersion = 15.0.27703.2042
MinimumVisualStudioVersion = 10.0.40219.1
Project("{9A19103F-16F7-4668-BE54-9A1E7A4F7556}") = "WebApi", "WebApplication1\WebApi.csproj", "{BB883101-D392-4708-9BAA-06136CD0EB69}"
EndProject
Project("{9A19103F-16F7-4668-BE54-9A1E7A4F7556}") = "WebApi.Data", "Data\WebApi.Data.csproj", "{6F717D5B-D41B-4338-B8E9-328D79C6DF19}"
EndProject
Project("{FAE04EC0-301F-11D3-BF4B-00C04F79EFBC}") = "WebApi.Service", "WebApi.Service\WebApi.Service.csproj", "{A14043D1-80D4-41D0-8D94-7F5B44B6B6CF}"
EndProject
Project("{FAE04EC0-301F-11D3-BF4B-00C04F79EFBC}") = "WebApi.Common", "WebApi.Common\WebApi.Common.csproj", "{7E0615B6-BCC1-4F67-BB50-4D4D4B142399}"
EndProject
Global
	GlobalSection(SolutionConfigurationPlatforms) = preSolution
		Debug|Any CPU = Debug|Any CPU
		Release|Any CPU = Release|Any CPU
	EndGlobalSection
	GlobalSection(ProjectConfigurationPlatforms) = postSolution
		{BB883101-D392-4708-9BAA-06136CD0EB69}.Debug|Any CPU.ActiveCfg = Debug|Any CPU
		{BB883101-D392-4708-9BAA-06136CD0EB69}.Debug|Any CPU.Build.0 = Debug|Any CPU
		{BB883101-D392-4708-9BAA-06136CD0EB69}.Release|Any CPU.ActiveCfg = Release|Any CPU
		{BB883101-D392-4708-9BAA-06136CD0EB69}.Release|Any CPU.Build.0 = Release|Any CPU
		{6F717D5B-D41B-4338-B8E9-328D79C6DF19}.Debug|Any CPU.ActiveCfg = Debug|Any CPU
		{6F717D5B-D41B-4338-B8E9-328D79C6DF19}.Debug|Any CPU.Build.0 = Debug|Any CPU
		{6F717D5B-D41B-4338-B8E9-328D79C6DF19}.Release|Any CPU.ActiveCfg = Release|Any CPU
		{6F717D5B-D41B-4338-B8E9-328D79C6DF19}.Release|Any CPU.Build.0 = Release|Any CPU
		{A14043D1-80D4-41D0-8D94-7F5B44B6B6CF}.Debug|Any CPU.ActiveCfg = Debug|Any CPU
		{A14043D1-80D4-41D0-8D94-7F5B44B6B6CF}.Debug|Any CPU.Build.0 = Debug|Any CPU
		{A14043D1-80D4-41D0-8D94-7F5B44B6B6CF}.Release|Any CPU.ActiveCfg = Release|Any CPU
		{A14043D1-80D4-41D0-8D94-7F5B44B6B6CF}.Release|Any CPU.Build.0 = Release|Any CPU
		{7E0615B6-BCC1-4F67-BB50-4D4D4B142399}.Debug|Any CPU.ActiveCfg = Debug|Any CPU
		{7E0615B6-BCC1-4F67-BB50-4D4D4B142399}.Debug|Any CPU.Build.0 = Debug|Any CPU
		{7E0615B6-BCC1-4F67-BB50-4D4D4B142399}.Release|Any CPU.ActiveCfg = Release|Any CPU
		{7E0615B6-BCC1-4F67-BB50-4D4D4B142399}.Release|Any CPU.Build.0 = Release|Any CPU
	EndGlobalSection
	GlobalSection(SolutionProperties) = preSolution
		HideSolutionNode = FALSE
	EndGlobalSection
	GlobalSection(ExtensibilityGlobals) = postSolution
		SolutionGuid = {355D38B3-D2F0-4CBB-A32B-0AEB6B71D8B3}
	EndGlobalSection
EndGlobal
